
Microsoft Visual Studio Solution File, Format Version 12.00
# Visual Studio Version 16
VisualStudioVersion = 16.0.30011.22
MinimumVisualStudioVersion = 10.0.40219.1
Project("{9A19103F-16F7-4668-BE54-9A1E7A4F7556}") = "SiteMy", "SiteMy\SiteMy.csproj", "{1CFEB35F-1F46-4EF3-B7C8-7E0BAC5461CD}"
EndProject
Project("{9A19103F-16F7-4668-BE54-9A1E7A4F7556}") = "ExelImportUtil", "ExelImportUtil\ExelImportUtil.csproj", "{172024C4-6E1F-4F90-84E7-5B2165C7735C}"
EndProject
Project("{9A19103F-16F7-4668-BE54-9A1E7A4F7556}") = "Dal", "Dal\Dal.csproj", "{D0D18739-7927-4CBD-899A-7528715D608F}"
EndProject
Project("{9A19103F-16F7-4668-BE54-9A1E7A4F7556}") = "Bll", "Bll\Bll.csproj", "{36138C7B-FE5A-46A7-AF91-8EC5D65C0887}"
EndProject
Project("{FAE04EC0-301F-11D3-BF4B-00C04F79EFBC}") = "DTOs", "DTOs\DTOs.csproj", "{498BDA95-BAA4-41CC-8A1F-6C4F0E9DF287}"
EndProject
Project("{FAE04EC0-301F-11D3-BF4B-00C04F79EFBC}") = "Common", "Common\Common.csproj", "{A89C341A-F512-4204-A465-4E165BAE548B}"
EndProject
Global
	GlobalSection(SolutionConfigurationPlatforms) = preSolution
		Debug|Any CPU = Debug|Any CPU
		Release|Any CPU = Release|Any CPU
	EndGlobalSection
	GlobalSection(ProjectConfigurationPlatforms) = postSolution
		{1CFEB35F-1F46-4EF3-B7C8-7E0BAC5461CD}.Debug|Any CPU.ActiveCfg = Debug|Any CPU
		{1CFEB35F-1F46-4EF3-B7C8-7E0BAC5461CD}.Debug|Any CPU.Build.0 = Debug|Any CPU
		{1CFEB35F-1F46-4EF3-B7C8-7E0BAC5461CD}.Release|Any CPU.ActiveCfg = Release|Any CPU
		{1CFEB35F-1F46-4EF3-B7C8-7E0BAC5461CD}.Release|Any CPU.Build.0 = Release|Any CPU
		{172024C4-6E1F-4F90-84E7-5B2165C7735C}.Debug|Any CPU.ActiveCfg = Debug|Any CPU
		{172024C4-6E1F-4F90-84E7-5B2165C7735C}.Debug|Any CPU.Build.0 = Debug|Any CPU
		{172024C4-6E1F-4F90-84E7-5B2165C7735C}.Release|Any CPU.ActiveCfg = Release|Any CPU
		{172024C4-6E1F-4F90-84E7-5B2165C7735C}.Release|Any CPU.Build.0 = Release|Any CPU
		{D0D18739-7927-4CBD-899A-7528715D608F}.Debug|Any CPU.ActiveCfg = Debug|Any CPU
		{D0D18739-7927-4CBD-899A-7528715D608F}.Debug|Any CPU.Build.0 = Debug|Any CPU
		{D0D18739-7927-4CBD-899A-7528715D608F}.Release|Any CPU.ActiveCfg = Release|Any CPU
		{D0D18739-7927-4CBD-899A-7528715D608F}.Release|Any CPU.Build.0 = Release|Any CPU
		{36138C7B-FE5A-46A7-AF91-8EC5D65C0887}.Debug|Any CPU.ActiveCfg = Debug|Any CPU
		{36138C7B-FE5A-46A7-AF91-8EC5D65C0887}.Debug|Any CPU.Build.0 = Debug|Any CPU
		{36138C7B-FE5A-46A7-AF91-8EC5D65C0887}.Release|Any CPU.ActiveCfg = Release|Any CPU
		{36138C7B-FE5A-46A7-AF91-8EC5D65C0887}.Release|Any CPU.Build.0 = Release|Any CPU
		{498BDA95-BAA4-41CC-8A1F-6C4F0E9DF287}.Debug|Any CPU.ActiveCfg = Debug|Any CPU
		{498BDA95-BAA4-41CC-8A1F-6C4F0E9DF287}.Debug|Any CPU.Build.0 = Debug|Any CPU
		{498BDA95-BAA4-41CC-8A1F-6C4F0E9DF287}.Release|Any CPU.ActiveCfg = Release|Any CPU
		{498BDA95-BAA4-41CC-8A1F-6C4F0E9DF287}.Release|Any CPU.Build.0 = Release|Any CPU
		{A89C341A-F512-4204-A465-4E165BAE548B}.Debug|Any CPU.ActiveCfg = Debug|Any CPU
		{A89C341A-F512-4204-A465-4E165BAE548B}.Debug|Any CPU.Build.0 = Debug|Any CPU
		{A89C341A-F512-4204-A465-4E165BAE548B}.Release|Any CPU.ActiveCfg = Release|Any CPU
		{A89C341A-F512-4204-A465-4E165BAE548B}.Release|Any CPU.Build.0 = Release|Any CPU
	EndGlobalSection
	GlobalSection(SolutionProperties) = preSolution
		HideSolutionNode = FALSE
	EndGlobalSection
	GlobalSection(ExtensibilityGlobals) = postSolution
		SolutionGuid = {CD28089F-AEC3-402D-8D07-F33A5CC8350C}
	EndGlobalSection
EndGlobal
